lockfileVersion: '9.0'

settings:
  autoInstallPeers: true
  excludeLinksFromLockfile: false

importers:

  .:
    dependencies:
      '@vercel/analytics':
        specifier: ^2.0.1
        version: 2.0.1(react@19.2.8)
      react:
        specifier: ^19.2.8
        version: 19.2.8
      react-dom:
        specifier: ^19.2.8
        version: 19.2.8(react@19.2.8)
      react-router-dom:
        specifier: ^7.18.2
        version: 7.18.2(react-dom@19.2.8(react@19.2.8))(react@19.2.8)
      styled-components:
        specifier: 6.5.1
        version: 6.5.1(css-to-react-native@3.2.0)(react-dom@19.2.8(react@19.2.8))(react@19.2.8)
    devDependencies:
      '@types/react':
        specifier: ^19.2.18
        version: 19.2.18
      '@types/react-dom':
        specifier: ^19.2.4
        version: 19.2.4(@types/react@19.2.18)
      '@vitejs/plugin-react-swc':
        specifier: ^4.3.3
        version: 4.3.3(vite@8.2.1)
      typescript:
        specifier: ^7.0.2
        version: 7.0.2
      vite:
        specifier: ^8.2.1
        version: 8.2.1

packages:

  '@emotion/is-prop-valid@1.4.0':
    resolution: {integrity: sha512-QgD4fyscGcbbKwJmqNvUMSE02OsHUa+lAWKdEUIJKgqe5IwRSKd7+KhibEWdaKwgjLj0DRSHA9biAIqGBk05lw==}

  '@emotion/memoize@0.9.0':
    resolution: {integrity: sha512-30FAj7/EoJ5mwVPOWhAyCX+FPfMDrVecJAM+Iw9NRoSl4BBAQeqj4cApHHUXOVvIPgLVDsCFoz/hGD+5QQD1GQ==}

  '@oxc-project/types@0.143.0':
    resolution: {integrity: sha512-u6JZdLBTLotrNC9Vd6vPssINdzcCzleKAH6EJKImQb7GtYvX5keN2dxkoK44stCc4tffE6QQRtZTXVSzsLUlWA==}

  '@rolldown/pluginutils@1.0.1':
    resolution: {integrity: sha512-2j9bGt5Jh8hj+vPtgzPtl72j0yRxHAyumoo6TNfAjsLB04UtpSvPbPcDcBMxz7n+9CYB0c1GxQFxYRg2jimqGw==}

  '@swc/core@1.15.47':
    resolution: {integrity: sha512-FbsO5JcfOjfH38W/rohBRBweJeERsAuIP4f377lmkmxTcq9exjtx4SkRuZY5CdfhR2CBVwDIJegBpJDffwNsOg==}
    engines: {node: '>=10'}
    peerDependencies:
      '@swc/helpers': '>=0.5.17'
    peerDependenciesMeta:
      '@swc/helpers':
        optional: true

  '@swc/counter@0.1.3':
    resolution: {integrity: sha512-e2BR4lsJkkRlKZ/qCHPw9ZaSxc0MVUd7gtbtaB7aMvHeJVYe8sOB8DBZkP2DtISHGSku9sCK6T6cnY0CtXrOCQ==}

  '@swc/types@0.1.28':
    resolution: {integrity: sha512-V6Mnml8v09QALx6K0elJ7o9K/MkVDtW3t6L+7Ou/JcWtb3xwId2AH4FeOceySd2JaO87IMw4+6vSZxLm34LPbw==}

  '@types/react-dom@19.2.4':
    resolution: {integrity: sha512-Bsc+QHgp+P/F02XDzNCY9jnZNCUuLki36KT7VKrTXXLdHf+vHMNZnW1rVu5DNW/rCK+fya3DATySbLM4yhtKUw==}
    peerDependencies:
      '@types/react': ^19.2.0

  '@types/react@19.2.18':
    resolution: {integrity: sha512-AnzbBERsrLKtk2XSfTbYRLjQPdy116Sty4q+T+Bp3IC4l6jNBvreVPAHmpq9qhXQM7CXZPjLVmGMw9sy+hxQ3w==}

  '@vercel/analytics@2.0.1':
    resolution: {integrity: sha512-MTQG6V9qQrt1tsDeF+2Uoo5aPjqbVPys1xvnIftXSJYG2SrwXRHnqEvVoYID7BTruDz4lCd2Z7rM1BdkUehk2g==}
    peerDependencies:
      '@remix-run/react': ^2
      '@sveltejs/kit': ^1 || ^2
      next: '>= 13'
      nuxt: '>= 3'
      react: ^18 || ^19 || ^19.0.0-rc
      svelte: '>= 4'
      vue: ^3
      vue-router: ^4
    peerDependenciesMeta:
      '@remix-run/react':
        optional: true
      '@sveltejs/kit':
        optional: true
      next:
        optional: true
      nuxt:
        optional: true
      react:
        optional: true
      svelte:
        optional: true
      vue:
        optional: true
      vue-router:
        optional: true

  '@vitejs/plugin-react-swc@4.3.3':
    resolution: {integrity: sha512-bti8ZAcvz4Lh6/e4Uk2k3aa1TiUXbbMsahuqOHvd3MveFTkKDZOA6wQVkpj7J/+tepX/wGfe+lsGh/t24HTXMQ==}
    engines: {node: ^20.19.0 || >=22.12.0}
    peerDependencies:
      vite: ^4 || ^5 || ^6 || ^7 || ^8

  camelize@1.0.1:
    resolution: {integrity: sha512-dU+Tx2fsypxTgtLoE36npi3UqcjSSMNYfkqgmoEhtZrraP5VWq0K7FkWVTYa8eMPtnU/G2txVsfdCJTn9uzpuQ==}

  cookie@1.1.1:
    resolution: {integrity: sha512-ei8Aos7ja0weRpFzJnEA9UHJ/7XQmqglbRwnf2ATjcB9Wq874VKH9kfjjirM6UhU2/E5fFYadylyhFldcqSidQ==}
    engines: {node: '>=18'}

  css-color-keywords@1.0.0:
    resolution: {integrity: sha512-FyyrDHZKEjXDpNJYvVsV960FiqQyXc/LlYmsxl2BcdMb2WPx0OGRVgTg55rPSyLSNMqP52R9r8geSp7apN3Ofg==}
    engines: {node: '>=4'}

  css-to-react-native@3.2.0:
    resolution: {integrity: sha512-e8RKaLXMOFii+02mOlqwjbD00KSEKqblnpO9e++1aXS1fPQOpS1YoqdVHBqPjHNoxeF2mimzVqawm2KCbEdtHQ==}

  csstype@3.2.3:
    resolution: {integrity: sha512-z1HGKcYy2xA8AGQfwrn0PAy+PB7X/GSj3UVJW9qKyn43xWa+gl5nXmU4qqLMRzWVLFC8KusUX8T/0kCiOYpAIQ==}

  detect-libc@2.1.2:
    resolution: {integrity: sha512-Btj2BOOO83o3WyH59e8MgXsxEQVcarkUOpEYrubB0urwnN10yQ364rsiByU11nZlqWYZm05i/of7io4mzihBtQ==}
    engines: {node: '>=8'}

  fdir@6.5.0:
    resolution: {integrity: sha512-tIbYtZbucOs0BRGqPJkshJUYdL+SDH7dVM8gjy+ERp3WAUjLEFJE+02kanyHtwjWOnwrKYBiwAmM0p4kLJAnXg==}
    engines: {node: '>=12.0.0'}
    peerDependencies:
      picomatch: ^3 || ^4
    peerDependenciesMeta:
      picomatch:
        optional: true

  fsevents@2.3.3:
    resolution: {integrity: sha512-5xoDfX+fL7faATnagmWPpbFtwh/R77WmMMqqHGS65C3vvB0YHrgF+B1YmZ3441tMj5n63k0212XNoJwzlhffQw==}
    engines: {node: ^8.16.0 || ^10.6.0 || >=11.0.0}
    os: [darwin]

  lightningcss@1.33.0:
    resolution: {integrity: sha512-WkUDrojuJs0xkgGf2udWxa3yGBRxPtxUkB79i6aCZLRgc7PM8fZe9TosfPDcvEpQZbuFASnHYmRLBLUbmLOIIA==}
    engines: {node: '>= 12.0.0'}

  nanoid@3.3.18:
    resolution: {integrity: sha512-DTg4MJbGMWkfi6VZFdNt2/caMbQy4Ou+Op/hJQvGEWcnVfoA1QA+xzRKAzw9jD6+GVOOeYr/mIcuDSdug6F6+w==}
    engines: {node: ^10 || ^12 || ^13.7 || ^14 || >=15.0.1}
    hasBin: true

  picocolors@1.1.1:
    resolution: {integrity: sha512-xceH2snhtb5M9liqDsmEw56le376mTZkEX/jEb/RxNFyegNul7eNslCXP9FDj/Lcu0X8KEyMceP2ntpaHrDEVA==}

  picomatch@4.0.5:
    resolution: {integrity: sha512-RvwwcruNjI1ncT5xRakeyS9Lf8lcItv34KD+aif+VH9kduAyfYBipGh12274xtenIPZ119/R9BdTBa8gAwSh0A==}
    engines: {node: '>=12'}

  postcss-value-parser@4.2.0:
    resolution: {integrity: sha512-1NNCs6uurfkVbeXG4S8JFT9t19m45ICnif8zWLd5oPSZ50QnwMfK+H3jv408d4jw/7Bttv5axS5IiHoLaVNHeQ==}

  postcss@8.5.26:
    resolution: {integrity: sha512-u82N74LFzG8ca+dD8puPnplTXoGH4fTPpVGuIbt36G3qvNlkvfD0lEAZSxaly3KX8TS/L1A1gsCEmvKmBcVbkQ==}
    engines: {node: ^10 || ^12 || >=14}

  react-dom@19.2.8:
    resolution: {integrity: sha512-rVprimfGBG3DR+Tq0IQG2DT5PxKth1WIGDmj5yPmlzr4YBe7uyE+Du4oVqTDXZSHGGGXRtTJEGSSePyQCMBglQ==}
    peerDependencies:
      react: ^19.2.8

  react-router-dom@7.18.2:
    resolution: {integrity: sha512-AIKJ/jgGlFb3EbfCXk5Gzshiwt+l3mqbCrNjmEWMMjqQxNJ3svBa6bgzFyCC2Sw3RA0VWF1kg3uQf2OFhxb8hw==}
    engines: {node: '>=20.0.0'}
    peerDependencies:
      react: '>=18'
      react-dom: '>=18'

  react-router@7.18.2:
    resolution: {integrity: sha512-aUVMjFm3GAPTTZL7oYr5E7ETiqfQCHRLH+B+5afnICvf0r7kkK4eR6SMuwbSTJw/7t+12khT/Kahij49fqOCIg==}
    engines: {node: '>=20.0.0'}
    peerDependencies:
      react: '>=18'
      react-dom: '>=18'
    peerDependenciesMeta:
      react-dom:
        optional: true

  react@19.2.8:
    resolution: {integrity: sha512-PWaYA1L/q9u2u7xYQi+Y3L3Yfnie7XyLeaJICV1MGD6LprsBxcAqGjYyr0eY3p+QdsA+x/Irkt4Qif8D63+Sbw==}
    engines: {node: '>=0.10.0'}

  rolldown@1.2.3:
    resolution: {integrity: sha512-rn9wpmxplLf7NLNyCk9FyWh3FM43DbY8jOzCdEPzH7uflhTftRbCEpqi6Ly2osgoU8OwObtmavMbWLaWy4LX7A==}
    engines: {node: ^20.19.0 || >=22.12.0}
    hasBin: true

  scheduler@0.27.0:
    resolution: {integrity: sha512-eNv+WrVbKu1f3vbYJT/xtiF5syA5HPIMtf9IgY/nKg0sWqzAUEvqY/xm7OcZc/qafLx/iO9FgOmeSAp4v5ti/Q==}

  set-cookie-parser@2.7.2:
    resolution: {integrity: sha512-oeM1lpU/UvhTxw+g3cIfxXHyJRc/uidd3yK1P242gzHds0udQBYzs3y8j4gCCW+ZJ7ad0yctld8RYO+bdurlvw==}

  source-map-js@1.2.1:
    resolution: {integrity: sha512-UXWMKhLOwVKb728IUtQPXxfYU+usdybtUrK/8uGE8CQMvrhOpwvzDBwj0QhSL7MQc7vIsISBG8VQ8+IDQxpfQA==}
    engines: {node: '>=0.10.0'}

  styled-components@6.5.1:
    resolution: {integrity: sha512-6AsQEXcG7QhtdzjwJ4s5Amx5R9veYH9AP3+U6nF2BAMU0i1iM3cAXKJXuAKZCdv3Y2ntVMcL44cPx4cIDxgYFg==}
    engines: {node: '>= 16'}
    peerDependencies:
      css-to-react-native: '>= 3.2.0'
      react: '>= 16.8.0'
      react-dom: '>= 16.8.0'
      react-native: '>= 0.68.0'
    peerDependenciesMeta:
      css-to-react-native:
        optional: true
      react-dom:
        optional: true
      react-native:
        optional: true

  stylis@4.3.6:
    resolution: {integrity: sha512-yQ3rwFWRfwNUY7H5vpU0wfdkNSnvnJinhF9830Swlaxl03zsOjCfmX0ugac+3LtK0lYSgwL/KXc8oYL3mG4YFQ==}

  tinyglobby@0.2.17:
    resolution: {integrity: sha512-wXR/dYpcqKmfWpEdZjiKJOwCNFndD0DMnrW/cYjVGttEkBfVgcLFHoNrlj47mjOVic9yyNu65alsgF4NQyTa2g==}
    engines: {node: '>=12.0.0'}

  typescript@7.0.2:
    resolution: {integrity: sha512-8FYau96o3NKOhbjKi/qNvG/W5jhzxkbdm5sj9AbZ/5T5sWqn3hJgLfGx27sRKZWTvyzCP8dLRBTf5tBTSRVUNA==}
    engines: {node: '>=16.20.0'}
    hasBin: true

  vite@8.2.1:
    resolution: {integrity: sha512-EU/eS7BH3XROHh2YnBefjM6DBKA6ZeMZEYQbj7NLWg5wHYlhB8B/Mayd5XsgWq+NFYccDOTemRpdETWR6Ka/lw==}
    engines: {node: ^20.19.0 || >=22.12.0}
    hasBin: true
    peerDependencies:
      '@types/node': ^20.19.0 || >=22.12.0
      '@vitejs/devtools': ^0.4.0
      esbuild: ^0.27.0 || ^0.28.0
      jiti: '>=1.21.0'
      less: ^4.0.0
      sass: ^1.70.0
      sass-embedded: ^1.70.0
      stylus: '>=0.54.8'
      sugarss: ^5.0.0
      terser: ^5.16.0
      tsx: ^4.8.1
      yaml: ^2.4.2
    peerDependenciesMeta:
      '@types/node':
        optional: true
      '@vitejs/devtools':
        optional: true
      esbuild:
        optional: true
      jiti:
        optional: true
      less:
        optional: true
      sass:
        optional: true
      sass-embedded:
        optional: true
      stylus:
        optional: true
      sugarss:
        optional: true
      terser:
        optional: true
      tsx:
        optional: true
      yaml:
        optional: true

snapshots:

  '@emotion/is-prop-valid@1.4.0':
    dependencies:
      '@emotion/memoize': 0.9.0

  '@emotion/memoize@0.9.0': {}

  '@oxc-project/types@0.143.0': {}

  '@rolldown/pluginutils@1.0.1': {}

  '@swc/core@1.15.47':
    dependencies:
      '@swc/counter': 0.1.3
      '@swc/types': 0.1.28

  '@swc/counter@0.1.3': {}

  '@swc/types@0.1.28':
    dependencies:
      '@swc/counter': 0.1.3

  '@types/react-dom@19.2.4(@types/react@19.2.18)':
    dependencies:
      '@types/react': 19.2.18

  '@types/react@19.2.18':
    dependencies:
      csstype: 3.2.3

  '@vercel/analytics@2.0.1(react@19.2.8)':
    optionalDependencies:
      react: 19.2.8

  '@vitejs/plugin-react-swc@4.3.3(vite@8.2.1)':
    dependencies:
      '@rolldown/pluginutils': 1.0.1
      '@swc/core': 1.15.47
      vite: 8.2.1
    transitivePeerDependencies:
      - '@swc/helpers'

  camelize@1.0.1:
    optional: true

  cookie@1.1.1: {}

  css-color-keywords@1.0.0:
    optional: true

  css-to-react-native@3.2.0:
    dependencies:
      camelize: 1.0.1
      css-color-keywords: 1.0.0
      postcss-value-parser: 4.2.0
    optional: true

  csstype@3.2.3: {}

  detect-libc@2.1.2: {}

  fdir@6.5.0(picomatch@4.0.5):
    optionalDependencies:
      picomatch: 4.0.5

  fsevents@2.3.3:
    optional: true

  lightningcss@1.33.0:
    dependencies:
      detect-libc: 2.1.2

  nanoid@3.3.18: {}

  picocolors@1.1.1: {}

  picomatch@4.0.5: {}

  postcss-value-parser@4.2.0:
    optional: true

  postcss@8.5.26:
    dependencies:
      nanoid: 3.3.18
      picocolors: 1.1.1
      source-map-js: 1.2.1

  react-dom@19.2.8(react@19.2.8):
    dependencies:
      react: 19.2.8
      scheduler: 0.27.0

  react-router-dom@7.18.2(react-dom@19.2.8(react@19.2.8))(react@19.2.8):
    dependencies:
      react: 19.2.8
      react-dom: 19.2.8(react@19.2.8)
      react-router: 7.18.2(react-dom@19.2.8(react@19.2.8))(react@19.2.8)

  react-router@7.18.2(react-dom@19.2.8(react@19.2.8))(react@19.2.8):
    dependencies:
      cookie: 1.1.1
      react: 19.2.8
      set-cookie-parser: 2.7.2
    optionalDependencies:
      react-dom: 19.2.8(react@19.2.8)

  react@19.2.8: {}

  rolldown@1.2.3:
    dependencies:
      '@oxc-project/types': 0.143.0
      '@rolldown/pluginutils': 1.0.1

  scheduler@0.27.0: {}

  set-cookie-parser@2.7.2: {}

  source-map-js@1.2.1: {}

  styled-components@6.5.1(css-to-react-native@3.2.0)(react-dom@19.2.8(react@19.2.8))(react@19.2.8):
    dependencies:
      '@emotion/is-prop-valid': 1.4.0
      csstype: 3.2.3
      react: 19.2.8
      stylis: 4.3.6
    optionalDependencies:
      css-to-react-native: 3.2.0
      react-dom: 19.2.8(react@19.2.8)

  stylis@4.3.6: {}

  tinyglobby@0.2.17:
    dependencies:
      fdir: 6.5.0(picomatch@4.0.5)
      picomatch: 4.0.5

  typescript@7.0.2: {}

  vite@8.2.1:
    dependencies:
      lightningcss: 1.33.0
      picomatch: 4.0.5
      postcss: 8.5.26
      rolldown: 1.2.3
      tinyglobby: 0.2.17
    optionalDependencies:
      fsevents: 2.3.3
